// !$*UTF8*$!
{
	archiveVersion = 1;
	classes = {
	};
	objectVersion = 56;
	objects = {

/* Begin PBXBuildFile section */
		89609AC528FF546C0021BE71 /* VerticleScroll.swift in Sources */ = {isa = PBXBuildFile; fileRef = 89609AC428FF546B0021BE71 /* VerticleScroll.swift */; };
		899FCBDC28FD561600D8DDC6 /* Mamas_Lunch_on_the_GoApp.swift in Sources */ = {isa = PBXBuildFile; fileRef = 899FCBDB28FD561600D8DDC6 /* Mamas_Lunch_on_the_GoApp.swift */; };
		899FCBDE28FD561600D8DDC6 /* ContentView.swift in Sources */ = {isa = PBXBuildFile; fileRef = 899FCBDD28FD561600D8DDC6 /* ContentView.swift */; };
		899FCBE028FD561A00D8DDC6 /* Assets.xcassets in Resources */ = {isa = PBXBuildFile; fileRef = 899FCBDF28FD561A00D8DDC6 /* Assets.xcassets */; };
		899FCBE428FD561A00D8DDC6 /* Preview Assets.xcassets in Resources */ = {isa = PBXBuildFile; fileRef = 899FCBE328FD561A00D8DDC6 /* Preview Assets.xcassets */; };
		899FCBEE28FD561A00D8DDC6 /* Mamas_Lunch_on_the_GoTests.swift in Sources */ = {isa = PBXBuildFile; fileRef = 899FCBED28FD561A00D8DDC6 /* Mamas_Lunch_on_the_GoTests.swift */; };
		899FCBF828FD561A00D8DDC6 /* Mamas_Lunch_on_the_GoUITests.swift in Sources */ = {isa = PBXBuildFile; fileRef = 899FCBF728FD561A00D8DDC6 /* Mamas_Lunch_on_the_GoUITests.swift */; };
		899FCBFA28FD561A00D8DDC6 /* Mamas_Lunch_on_the_GoUITestsLaunchTests.swift in Sources */ = {isa = PBXBuildFile; fileRef = 899FCBF928FD561A00D8DDC6 /* Mamas_Lunch_on_the_GoUITestsLaunchTests.swift */; };
		899FCC0A28FD577100D8DDC6 /* HomeScreen.swift in Sources */ = {isa = PBXBuildFile; fileRef = 899FCC0928FD577100D8DDC6 /* HomeScreen.swift */; };
/* End PBXBuildFile section */

/* Begin PBXContainerItemProxy section */
		899FCBEA28FD561A00D8DDC6 /* PBXContainerItemProxy */ = {
			isa = PBXContainerItemProxy;
			containerPortal = 899FCBD028FD561600D8DDC6 /* Project object */;
			proxyType = 1;
			remoteGlobalIDString = 899FCBD728FD561600D8DDC6;
			remoteInfo = "Mamas Lunch on the Go";
		};
		899FCBF428FD561A00D8DDC6 /* PBXContainerItemProxy */ = {
			isa = PBXContainerItemProxy;
			containerPortal = 899FCBD028FD561600D8DDC6 /* Project object */;
			proxyType = 1;
			remoteGlobalIDString = 899FCBD728FD561600D8DDC6;
			remoteInfo = "Mamas Lunch on the Go";
		};
/* End PBXContainerItemProxy section */

/* Begin PBXFileReference section */
		89609AC428FF546B0021BE71 /* VerticleScroll.swift */ = {isa = PBXFileReference; lastKnownFileType = sourcecode.swift; path = VerticleScroll.swift; sourceTree = "<group>"; };
		899FCBD828FD561600D8DDC6 /* Mamas Lunch on the Go.app */ = {isa = PBXFileReference; explicitFileType = wrapper.application; includeInIndex = 0; path = "Mamas Lunch on the Go.app"; sourceTree = BUILT_PRODUCTS_DIR; };
		899FCBDB28FD561600D8DDC6 /* Mamas_Lunch_on_the_GoApp.swift */ = {isa = PBXFileReference; lastKnownFileType = sourcecode.swift; path = Mamas_Lunch_on_the_GoApp.swift; sourceTree = "<group>"; };
		899FCBDD28FD561600D8DDC6 /* ContentView.swift */ = {isa = PBXFileReference; lastKnownFileType = sourcecode.swift; path = ContentView.swift; sourceTree = "<group>"; };
		899FCBDF28FD561A00D8DDC6 /* Assets.xcassets */ = {isa = PBXFileReference; lastKnownFileType = folder.assetcatalog; path = Assets.xcassets; sourceTree = "<group>"; };
		899FCBE128FD561A00D8DDC6 /* Mamas_Lunch_on_the_Go.entitlements */ = {isa = PBXFileReference; lastKnownFileType = text.plist.entitlements; path = Mamas_Lunch_on_the_Go.entitlements; sourceTree = "<group>"; };
		899FCBE328FD561A00D8DDC6 /* Preview Assets.xcassets */ = {isa = PBXFileReference; lastKnownFileType = folder.assetcatalog; path = "Preview Assets.xcassets"; sourceTree = "<group>"; };
		899FCBE928FD561A00D8DDC6 /* Mamas Lunch on the GoTests.xctest */ = {isa = PBXFileReference; explicitFileType = wrapper.cfbundle; includeInIndex = 0; path = "Mamas Lunch on the GoTests.xctest"; sourceTree = BUILT_PRODUCTS_DIR; };
		899FCBED28FD561A00D8DDC6 /* Mamas_Lunch_on_the_GoTests.swift */ = {isa = PBXFileReference; lastKnownFileType = sourcecode.swift; path = Mamas_Lunch_on_the_GoTests.swift; sourceTree = "<group>"; };
		899FCBF328FD561A00D8DDC6 /* Mamas Lunch on the GoUITests.xctest */ = {isa = PBXFileReference; explicitFileType = wrapper.cfbundle; includeInIndex = 0; path = "Mamas Lunch on the GoUITests.xctest"; sourceTree = BUILT_PRODUCTS_DIR; };
		899FCBF728FD561A00D8DDC6 /* Mamas_Lunch_on_the_GoUITests.swift */ = {isa = PBXFileReference; lastKnownFileType = sourcecode.swift; path = Mamas_Lunch_on_the_GoUITests.swift; sourceTree = "<group>"; };
		899FCBF928FD561A00D8DDC6 /* Mamas_Lunch_on_the_GoUITestsLaunchTests.swift */ = {isa = PBXFileReference; lastKnownFileType = sourcecode.swift; path = Mamas_Lunch_on_the_GoUITestsLaunchTests.swift; sourceTree = "<group>"; };
		899FCC0928FD577100D8DDC6 /* HomeScreen.swift */ = {isa = PBXFileReference; lastKnownFileType = sourcecode.swift; path = HomeScreen.swift; sourceTree = "<group>"; };
/* End PBXFileReference section */

/* Begin PBXFrameworksBuildPhase section */
		899FCBD528FD561600D8DDC6 /* Frameworks */ = {
			isa = PBXFrameworksBuildPhase;
			buildActionMask = 2147483647;
			files = (
			);
			runOnlyForDeploymentPostprocessing = 0;
		};
		899FCBE628FD561A00D8DDC6 /* Frameworks */ = {
			isa = PBXFrameworksBuildPhase;
			buildActionMask = 2147483647;
			files = (
			);
			runOnlyForDeploymentPostprocessing = 0;
		};
		899FCBF028FD561A00D8DDC6 /* Frameworks */ = {
			isa = PBXFrameworksBuildPhase;
			buildActionMask = 2147483647;
			files = (
			);
			runOnlyForDeploymentPostprocessing = 0;
		};
/* End PBXFrameworksBuildPhase section */

/* Begin PBXGroup section */
		899FCBCF28FD561600D8DDC6 = {
			isa = PBXGroup;
			children = (
				899FCBDA28FD561600D8DDC6 /* Mamas Lunch on the Go */,
				899FCBEC28FD561A00D8DDC6 /* Mamas Lunch on the GoTests */,
				899FCBF628FD561A00D8DDC6 /* Mamas Lunch on the GoUITests */,
				899FCBD928FD561600D8DDC6 /* Products */,
			);
			sourceTree = "<group>";
		};
		899FCBD928FD561600D8DDC6 /* Products */ = {
			isa = PBXGroup;
			children = (
				899FCBD828FD561600D8DDC6 /* Mamas Lunch on the Go.app */,
				899FCBE928FD561A00D8DDC6 /* Mamas Lunch on the GoTests.xctest */,
				899FCBF328FD561A00D8DDC6 /* Mamas Lunch on the GoUITests.xctest */,
			);
			name = Products;
			sourceTree = "<group>";
		};
		899FCBDA28FD561600D8DDC6 /* Mamas Lunch on the Go */ = {
			isa = PBXGroup;
			children = (
				899FCBDB28FD561600D8DDC6 /* Mamas_Lunch_on_the_GoApp.swift */,
				89BD7EB928FE753900BB476F /* Models */,
				899FCC0628FD56A900D8DDC6 /* Views */,
				899FCBDF28FD561A00D8DDC6 /* Assets.xcassets */,
				899FCBE128FD561A00D8DDC6 /* Mamas_Lunch_on_the_Go.entitlements */,
				899FCBE228FD561A00D8DDC6 /* Preview Content */,
			);
			path = "Mamas Lunch on the Go";
			sourceTree = "<group>";
		};
		899FCBE228FD561A00D8DDC6 /* Preview Content */ = {
			isa = PBXGroup;
			children = (
				899FCBE328FD561A00D8DDC6 /* Preview Assets.xcassets */,
			);
			path = "Preview Content";
			sourceTree = "<group>";
		};
		899FCBEC28FD561A00D8DDC6 /* Mamas Lunch on the GoTests */ = {
			isa = PBXGroup;
			children = (
				899FCBED28FD561A00D8DDC6 /* Mamas_Lunch_on_the_GoTests.swift */,
			);
			path = "Mamas Lunch on the GoTests";
			sourceTree = "<group>";
		};
		899FCBF628FD561A00D8DDC6 /* Mamas Lunch on the GoUITests */ = {
			isa = PBXGroup;
			children = (
				899FCBF728FD561A00D8DDC6 /* Mamas_Lunch_on_the_GoUITests.swift */,
				899FCBF928FD561A00D8DDC6 /* Mamas_Lunch_on_the_GoUITestsLaunchTests.swift */,
			);
			path = "Mamas Lunch on the GoUITests";
			sourceTree = "<group>";
		};
		899FCC0628FD56A900D8DDC6 /* Views */ = {
			isa = PBXGroup;
			children = (
				899FCBDD28FD561600D8DDC6 /* ContentView.swift */,
				899FCC0928FD577100D8DDC6 /* HomeScreen.swift */,
				89609AC428FF546B0021BE71 /* VerticleScroll.swift */,
			);
			path = Views;
			sourceTree = "<group>";
		};
		89BD7EB928FE753900BB476F /* Models */ = {
			isa = PBXGroup;
			children = (
			);
			path = Models;
			sourceTree = "<group>";
		};
/* End PBXGroup section */

/* Begin PBXNativeTarget section */
		899FCBD728FD561600D8DDC6 /* Mamas Lunch on the Go */ = {
			isa = PBXNativeTarget;
			buildConfigurationList = 899FCBFD28FD561A00D8DDC6 /* Build configuration list for PBXNativeTarget "Mamas Lunch on the Go" */;
			buildPhases = (
				899FCBD428FD561600D8DDC6 /* Sources */,
				899FCBD528FD561600D8DDC6 /* Frameworks */,
				899FCBD628FD561600D8DDC6 /* Resources */,
			);
			buildRules = (
			);
			dependencies = (
			);
			name = "Mamas Lunch on the Go";
			productName = "Mamas Lunch on the Go";
			productReference = 899FCBD828FD561600D8DDC6 /* Mamas Lunch on the Go.app */;
			productType = "com.apple.product-type.application";
		};
		899FCBE828FD561A00D8DDC6 /* Mamas Lunch on the GoTests */ = {
			isa = PBXNativeTarget;
			buildConfigurationList = 899FCC0028FD561A00D8DDC6 /* Build configuration list for PBXNativeTarget "Mamas Lunch on the GoTests" */;
			buildPhases = (
				899FCBE528FD561A00D8DDC6 /* Sources */,
				899FCBE628FD561A00D8DDC6 /* Frameworks */,
				899FCBE728FD561A00D8DDC6 /* Resources */,
			);
			buildRules = (
			);
			dependencies = (
				899FCBEB28FD561A00D8DDC6 /* PBXTargetDependency */,
			);
			name = "Mamas Lunch on the GoTests";
			productName = "Mamas Lunch on the GoTests";
			productReference = 899FCBE928FD561A00D8DDC6 /* Mamas Lunch on the GoTests.xctest */;
			productType = "com.apple.product-type.bundle.unit-test";
		};
		899FCBF228FD561A00D8DDC6 /* Mamas Lunch on the GoUITests */ = {
			isa = PBXNativeTarget;
			buildConfigurationList = 899FCC0328FD561A00D8DDC6 /* Build configuration list for PBXNativeTarget "Mamas Lunch on the GoUITests" */;
			buildPhases = (
				899FCBEF28FD561A00D8DDC6 /* Sources */,
				899FCBF028FD561A00D8DDC6 /* Frameworks */,
				899FCBF128FD561A00D8DDC6 /* Resources */,
			);
			buildRules = (
			);
			dependencies = (
				899FCBF528FD561A00D8DDC6 /* PBXTargetDependency */,
			);
			name = "Mamas Lunch on the GoUITests";
			productName = "Mamas Lunch on the GoUITests";
			productReference = 899FCBF328FD561A00D8DDC6 /* Mamas Lunch on the GoUITests.xctest */;
			productType = "com.apple.product-type.bundle.ui-testing";
		};
/* End PBXNativeTarget section */

/* Begin PBXProject section */
		899FCBD028FD561600D8DDC6 /* Project object */ = {
			isa = PBXProject;
			attributes = {
				BuildIndependentTargetsInParallel = 1;
				LastSwiftUpdateCheck = 1400;
				LastUpgradeCheck = 1400;
				TargetAttributes = {
					899FCBD728FD561600D8DDC6 = {
						CreatedOnToolsVersion = 14.0.1;
					};
					899FCBE828FD561A00D8DDC6 = {
						CreatedOnToolsVersion = 14.0.1;
						TestTargetID = 899FCBD728FD561600D8DDC6;
					};
					899FCBF228FD561A00D8DDC6 = {
						CreatedOnToolsVersion = 14.0.1;
						TestTargetID = 899FCBD728FD561600D8DDC6;
					};
				};
			};
			buildConfigurationList = 899FCBD328FD561600D8DDC6 /* Build configuration list for PBXProject "Mamas Lunch on the Go" */;
			compatibilityVersion = "Xcode 14.0";
			developmentRegion = en;
			hasScannedForEncodings = 0;
			knownRegions = (
				en,
				Base,
			);
			mainGroup = 899FCBCF28FD561600D8DDC6;
			productRefGroup = 899FCBD928FD561600D8DDC6 /* Products */;
			projectDirPath = "";
			projectRoot = "";
			targets = (
				899FCBD728FD561600D8DDC6 /* Mamas Lunch on the Go */,
				899FCBE828FD561A00D8DDC6 /* Mamas Lunch on the GoTests */,
				899FCBF228FD561A00D8DDC6 /* Mamas Lunch on the GoUITests */,
			);
		};
/* End PBXProject section */

/* Begin PBXResourcesBuildPhase section */
		899FCBD628FD561600D8DDC6 /* Resources */ = {
			isa = PBXResourcesBuildPhase;
			buildActionMask = 2147483647;
			files = (
				899FCBE428FD561A00D8DDC6 /* Preview Assets.xcassets in Resources */,
				899FCBE028FD561A00D8DDC6 /* Assets.xcassets in Resources */,
			);
			runOnlyForDeploymentPostprocessing = 0;
		};
		899FCBE728FD561A00D8DDC6 /* Resources */ = {
			isa = PBXResourcesBuildPhase;
			buildActionMask = 2147483647;
			files = (
			);
			runOnlyForDeploymentPostprocessing = 0;
		};
		899FCBF128FD561A00D8DDC6 /* Resources */ = {
			isa = PBXResourcesBuildPhase;
			buildActionMask = 2147483647;
			files = (
			);
			runOnlyForDeploymentPostprocessing = 0;
		};
/* End PBXResourcesBuildPhase section */

/* Begin PBXSourcesBuildPhase section */
		899FCBD428FD561600D8DDC6 /* Sources */ = {
			isa = PBXSourcesBuildPhase;
			buildActionMask = 2147483647;
			files = (
				89609AC528FF546C0021BE71 /* VerticleScroll.swift in Sources */,
				899FCBDE28FD561600D8DDC6 /* ContentView.swift in Sources */,
				899FCBDC28FD561600D8DDC6 /* Mamas_Lunch_on_the_GoApp.swift in Sources */,
				899FCC0A28FD577100D8DDC6 /* HomeScreen.swift in Sources */,
			);
			runOnlyForDeploymentPostprocessing = 0;
		};
		899FCBE528FD561A00D8DDC6 /* Sources */ = {
			isa = PBXSourcesBuildPhase;
			buildActionMask = 2147483647;
			files = (
				899FCBEE28FD561A00D8DDC6 /* Mamas_Lunch_on_the_GoTests.swift in Sources */,
			);
			runOnlyForDeploymentPostprocessing = 0;
		};
		899FCBEF28FD561A00D8DDC6 /* Sources */ = {
			isa = PBXSourcesBuildPhase;
			buildActionMask = 2147483647;
			files = (
				899FCBFA28FD561A00D8DDC6 /* Mamas_Lunch_on_the_GoUITestsLaunchTests.swift in Sources */,
				899FCBF828FD561A00D8DDC6 /* Mamas_Lunch_on_the_GoUITests.swift in Sources */,
			);
			runOnlyForDeploymentPostprocessing = 0;
		};
/* End PBXSourcesBuildPhase section */

/* Begin PBXTargetDependency section */
		899FCBEB28FD561A00D8DDC6 /* PBXTargetDependency */ = {
			isa = PBXTargetDependency;
			target = 899FCBD728FD561600D8DDC6 /* Mamas Lunch on the Go */;
			targetProxy = 899FCBEA28FD561A00D8DDC6 /* PBXContainerItemProxy */;
		};
		899FCBF528FD561A00D8DDC6 /* PBXTargetDependency */ = {
			isa = PBXTargetDependency;
			target = 899FCBD728FD561600D8DDC6 /* Mamas Lunch on the Go */;
			targetProxy = 899FCBF428FD561A00D8DDC6 /* PBXContainerItemProxy */;
		};
/* End PBXTargetDependency section */

/* Begin XCBuildConfiguration section */
		899FCBFB28FD561A00D8DDC6 /* Debug */ = {
			isa = XCBuildConfiguration;
			buildSettings = {
				ALWAYS_SEARCH_USER_PATHS = NO;
				CLANG_ANALYZER_NONNULL = YES;
				CLANG_ANALYZER_NUMBER_OBJECT_CONVERSION = YES_AGGRESSIVE;
				CLANG_CXX_LANGUAGE_STANDARD = "gnu++20";
				CLANG_ENABLE_MODULES = YES;
				CLANG_ENABLE_OBJC_ARC = YES;
				CLANG_ENABLE_OBJC_WEAK = YES;
				CLANG_WARN_BLOCK_CAPTURE_AUTORELEASING = YES;
				CLANG_WARN_BOOL_CONVERSION = YES;
				CLANG_WARN_COMMA = YES;
				CLANG_WARN_CONSTANT_CONVERSION = YES;
				CLANG_WARN_DEPRECATED_OBJC_IMPLEMENTATIONS = YES;
				CLANG_WARN_DIRECT_OBJC_ISA_USAGE = YES_ERROR;
				CLANG_WARN_DOCUMENTATION_COMMENTS = YES;
				CLANG_WARN_EMPTY_BODY = YES;
				CLANG_WARN_ENUM_CONVERSION = YES;
				CLANG_WARN_INFINITE_RECURSION = YES;
				CLANG_WARN_INT_CONVERSION = YES;
				CLANG_WARN_NON_LITERAL_NULL_CONVERSION = YES;
				CLANG_WARN_OBJC_IMPLICIT_RETAIN_SELF = YES;
				CLANG_WARN_OBJC_LITERAL_CONVERSION = YES;
				CLANG_WARN_OBJC_ROOT_CLASS = YES_ERROR;
				CLANG_WARN_QUOTED_INCLUDE_IN_FRAMEWORK_HEADER = YES;
				CLANG_WARN_RANGE_LOOP_ANALYSIS = YES;
				CLANG_WARN_STRICT_PROTOTYPES = YES;
				CLANG_WARN_SUSPICIOUS_MOVE = YES;
				CLANG_WARN_UNGUARDED_AVAILABILITY = YES_AGGRESSIVE;
				CLANG_WARN_UNREACHABLE_CODE = YES;
				CLANG_WARN__DUPLICATE_METHOD_MATCH = YES;
				COPY_PHASE_STRIP = NO;
				DEBUG_INFORMATION_FORMAT = dwarf;
				ENABLE_STRICT_OBJC_MSGSEND = YES;
				ENABLE_TESTABILITY = YES;
				GCC_C_LANGUAGE_STANDARD = gnu11;
				GCC_DYNAMIC_NO_PIC = NO;
				GCC_NO_COMMON_BLOCKS = YES;
				GCC_OPTIMIZATION_LEVEL = 0;
				GCC_PREPROCESSOR_DEFINITIONS = (
					"DEBUG=1",
					"$(inherited)",
				);
				GCC_WARN_64_TO_32_BIT_CONVERSION = YES;
				GCC_WARN_ABOUT_RETURN_TYPE = YES_ERROR;
				GCC_WARN_UNDECLARED_SELECTOR = YES;
				GCC_WARN_UNINITIALIZED_AUTOS = YES_AGGRESSIVE;
				GCC_WARN_UNUSED_FUNCTION = YES;
				GCC_WARN_UNUSED_VARIABLE = YES;
				MTL_ENABLE_DEBUG_INFO = INCLUDE_SOURCE;
				MTL_FAST_MATH = YES;
				ONLY_ACTIVE_ARCH = YES;
				SWIFT_ACTIVE_COMPILATION_CONDITIONS = DEBUG;
				SWIFT_OPTIMIZATION_LEVEL = "-Onone";
			};
			name = Debug;
		};
		899FCBFC28FD561A00D8DDC6 /* Release */ = {
			isa = XCBuildConfiguration;
			buildSettings = {
				ALWAYS_SEARCH_USER_PATHS = NO;
				CLANG_ANALYZER_NONNULL = YES;
				CLANG_ANALYZER_NUMBER_OBJECT_CONVERSION = YES_AGGRESSIVE;
				CLANG_CXX_LANGUAGE_STANDARD = "gnu++20";
				CLANG_ENABLE_MODULES = YES;
				CLANG_ENABLE_OBJC_ARC = YES;
				CLANG_ENABLE_OBJC_WEAK = YES;
				CLANG_WARN_BLOCK_CAPTURE_AUTORELEASING = YES;
				CLANG_WARN_BOOL_CONVERSION = YES;
				CLANG_WARN_COMMA = YES;
				CLANG_WARN_CONSTANT_CONVERSION = YES;
				CLANG_WARN_DEPRECATED_OBJC_IMPLEMENTATIONS = YES;
				CLANG_WARN_DIRECT_OBJC_ISA_USAGE = YES_ERROR;
				CLANG_WARN_DOCUMENTATION_COMMENTS = YES;
				CLANG_WARN_EMPTY_BODY = YES;
				CLANG_WARN_ENUM_CONVERSION = YES;
				CLANG_WARN_INFINITE_RECURSION = YES;
				CLANG_WARN_INT_CONVERSION = YES;
				CLANG_WARN_NON_LITERAL_NULL_CONVERSION = YES;
				CLANG_WARN_OBJC_IMPLICIT_RETAIN_SELF = YES;
				CLANG_WARN_OBJC_LITERAL_CONVERSION = YES;
				CLANG_WARN_OBJC_ROOT_CLASS = YES_ERROR;
				CLANG_WARN_QUOTED_INCLUDE_IN_FRAMEWORK_HEADER = YES;
				CLANG_WARN_RANGE_LOOP_ANALYSIS = YES;
				CLANG_WARN_STRICT_PROTOTYPES = YES;
				CLANG_WARN_SUSPICIOUS_MOVE = YES;
				CLANG_WARN_UNGUARDED_AVAILABILITY = YES_AGGRESSIVE;
				CLANG_WARN_UNREACHABLE_CODE = YES;
				CLANG_WARN__DUPLICATE_METHOD_MATCH = YES;
				COPY_PHASE_STRIP = NO;
				DEBUG_INFORMATION_FORMAT = "dwarf-with-dsym";
				ENABLE_NS_ASSERTIONS = NO;
				ENABLE_STRICT_OBJC_MSGSEND = YES;
				GCC_C_LANGUAGE_STANDARD = gnu11;
				GCC_NO_COMMON_BLOCKS = YES;
				GCC_WARN_64_TO_32_BIT_CONVERSION = YES;
				GCC_WARN_ABOUT_RETURN_TYPE = YES_ERROR;
				GCC_WARN_UNDECLARED_SELECTOR = YES;
				GCC_WARN_UNINITIALIZED_AUTOS = YES_AGGRESSIVE;
				GCC_WARN_UNUSED_FUNCTION = YES;
				GCC_WARN_UNUSED_VARIABLE = YES;
				MTL_ENABLE_DEBUG_INFO = NO;
				MTL_FAST_MATH = YES;
				SWIFT_COMPILATION_MODE = wholemodule;
				SWIFT_OPTIMIZATION_LEVEL = "-O";
			};
			name = Release;
		};
		899FCBFE28FD561A00D8DDC6 /* Debug */ = {
			isa = XCBuildConfiguration;
			buildSettings = {
				ASSETCATALOG_COMPILER_APPICON_NAME = AppIcon;
				ASSETCATALOG_COMPILER_GLOBAL_ACCENT_COLOR_NAME = AccentColor;
				CODE_SIGN_ENTITLEMENTS = "Mamas Lunch on the Go/Mamas_Lunch_on_the_Go.entitlements";
				CODE_SIGN_STYLE = Automatic;
				CURRENT_PROJECT_VERSION = 1;
				DEVELOPMENT_ASSET_PATHS = "\"Mamas Lunch on the Go/Preview Content\"";
				ENABLE_PREVIEWS = YES;
				GENERATE_INFOPLIST_FILE = YES;
				"INFOPLIST_KEY_UIApplicationSceneManifest_Generation[sdk=iphoneos*]" = YES;
				"INFOPLIST_KEY_UIApplicationSceneManifest_Generation[sdk=iphonesimulator*]" = YES;
				"INFOPLIST_KEY_UIApplicationSupportsIndirectInputEvents[sdk=iphoneos*]" = YES;
				"INFOPLIST_KEY_UIApplicationSupportsIndirectInputEvents[sdk=iphonesimulator*]" = YES;
				"INFOPLIST_KEY_UILaunchScreen_Generation[sdk=iphoneos*]" = YES;
				"INFOPLIST_KEY_UILaunchScreen_Generation[sdk=iphonesimulator*]" = YES;
				"INFOPLIST_KEY_UIStatusBarStyle[sdk=iphoneos*]" = UIStatusBarStyleDefault;
				"INFOPLIST_KEY_UIStatusBarStyle[sdk=iphonesimulator*]" = UIStatusBarStyleDefault;
				INFOPLIST_KEY_UISupportedInterfaceOrientations_iPad = "UIInterfaceOrientationPortrait UIInterfaceOrientationPortraitUpsideDown UIInterfaceOrientationLandscapeLeft UIInterfaceOrientationLandscapeRight";
				INFOPLIST_KEY_UISupportedInterfaceOrientations_iPhone = "UIInterfaceOrientationPortrait UIInterfaceOrientationLandscapeLeft UIInterfaceOrientationLandscapeRight";
				IPHONEOS_DEPLOYMENT_TARGET = 16.0;
				LD_RUNPATH_SEARCH_PATHS = "@executable_path/Frameworks";
				"LD_RUNPATH_SEARCH_PATHS[sdk=macosx*]" = "@executable_path/../Frameworks";
				MACOSX_DEPLOYMENT_TARGET = 12.3;
				MARKETING_VERSION = 1.0;
				PRODUCT_BUNDLE_IDENTIFIER = "com.mamasfooddelivery.Mamas-Lunch-on-the-Go";
				PRODUCT_NAME = "$(TARGET_NAME)";
				SDKROOT = auto;
				SUPPORTED_PLATFORMS = "iphoneos iphonesimulator macosx";
				SWIFT_EMIT_LOC_STRINGS = YES;
				SWIFT_VERSION = 5.0;
				TARGETED_DEVICE_FAMILY = "1,2";
			};
			name = Debug;
		};
		899FCBFF28FD561A00D8DDC6 /* Release */ = {
			isa = XCBuildConfiguration;
			buildSettings = {
				ASSETCATALOG_COMPILER_APPICON_NAME = AppIcon;
				ASSETCATALOG_COMPILER_GLOBAL_ACCENT_COLOR_NAME = AccentColor;
				CODE_SIGN_ENTITLEMENTS = "Mamas Lunch on the Go/Mamas_Lunch_on_the_Go.entitlements";
				CODE_SIGN_STYLE = Automatic;
				CURRENT_PROJECT_VERSION = 1;
				DEVELOPMENT_ASSET_PATHS = "\"Mamas Lunch on the Go/Preview Content\"";
				ENABLE_PREVIEWS = YES;
				GENERATE_INFOPLIST_FILE = YES;
				"INFOPLIST_KEY_UIApplicationSceneManifest_Generation[sdk=iphoneos*]" = YES;
				"INFOPLIST_KEY_UIApplicationSceneManifest_Generation[sdk=iphonesimulator*]" = YES;
				"INFOPLIST_KEY_UIApplicationSupportsIndirectInputEvents[sdk=iphoneos*]" = YES;
				"INFOPLIST_KEY_UIApplicationSupportsIndirectInputEvents[sdk=iphonesimulator*]" = YES;
				"INFOPLIST_KEY_UILaunchScreen_Generation[sdk=iphoneos*]" = YES;
				"INFOPLIST_KEY_UILaunchScreen_Generation[sdk=iphonesimulator*]" = YES;
				"INFOPLIST_KEY_UIStatusBarStyle[sdk=iphoneos*]" = UIStatusBarStyleDefault;
				"INFOPLIST_KEY_UIStatusBarStyle[sdk=iphonesimulator*]" = UIStatusBarStyleDefault;
				INFOPLIST_KEY_UISupportedInterfaceOrientations_iPad = "UIInterfaceOrientationPortrait UIInterfaceOrientationPortraitUpsideDown UIInterfaceOrientationLandscapeLeft UIInterfaceOrientationLandscapeRight";
				INFOPLIST_KEY_UISupportedInterfaceOrientations_iPhone = "UIInterfaceOrientationPortrait UIInterfaceOrientationLandscapeLeft UIInterfaceOrientationLandscapeRight";
				IPHONEOS_DEPLOYMENT_TARGET = 16.0;
				LD_RUNPATH_SEARCH_PATHS = "@executable_path/Frameworks";
				"LD_RUNPATH_SEARCH_PATHS[sdk=macosx*]" = "@executable_path/../Frameworks";
				MACOSX_DEPLOYMENT_TARGET = 12.3;
				MARKETING_VERSION = 1.0;
				PRODUCT_BUNDLE_IDENTIFIER = "com.mamasfooddelivery.Mamas-Lunch-on-the-Go";
				PRODUCT_NAME = "$(TARGET_NAME)";
				SDKROOT = auto;
				SUPPORTED_PLATFORMS = "iphoneos iphonesimulator macosx";
				SWIFT_EMIT_LOC_STRINGS = YES;
				SWIFT_VERSION = 5.0;
				TARGETED_DEVICE_FAMILY = "1,2";
			};
			name = Release;
		};
		899FCC0128FD561A00D8DDC6 /* Debug */ = {
			isa = XCBuildConfiguration;
			buildSettings = {
				ALWAYS_EMBED_SWIFT_STANDARD_LIBRARIES = YES;
				BUNDLE_LOADER = "$(TEST_HOST)";
				CODE_SIGN_STYLE = Automatic;
				CURRENT_PROJECT_VERSION = 1;
				GENERATE_INFOPLIST_FILE = YES;
				IPHONEOS_DEPLOYMENT_TARGET = 16.0;
				MACOSX_DEPLOYMENT_TARGET = 12.3;
				MARKETING_VERSION = 1.0;
				PRODUCT_BUNDLE_IDENTIFIER = "com.mamasfooddelivery.Mamas-Lunch-on-the-GoTests";
				PRODUCT_NAME = "$(TARGET_NAME)";
				SDKROOT = auto;
				SUPPORTED_PLATFORMS = "iphoneos iphonesimulator macosx";
				SWIFT_EMIT_LOC_STRINGS = NO;
				SWIFT_VERSION = 5.0;
				TARGETED_DEVICE_FAMILY = "1,2";
				TEST_HOST = "$(BUILT_PRODUCTS_DIR)/Mamas Lunch on the Go.app/$(BUNDLE_EXECUTABLE_FOLDER_PATH)/Mamas Lunch on the Go";
			};
			name = Debug;
		};
		899FCC0228FD561A00D8DDC6 /* Release */ = {
			isa = XCBuildConfiguration;
			buildSettings = {
				ALWAYS_EMBED_SWIFT_STANDARD_LIBRARIES = YES;
				BUNDLE_LOADER = "$(TEST_HOST)";
				CODE_SIGN_STYLE = Automatic;
				CURRENT_PROJECT_VERSION = 1;
				GENERATE_INFOPLIST_FILE = YES;
				IPHONEOS_DEPLOYMENT_TARGET = 16.0;
				MACOSX_DEPLOYMENT_TARGET = 12.3;
				MARKETING_VERSION = 1.0;
				PRODUCT_BUNDLE_IDENTIFIER = "com.mamasfooddelivery.Mamas-Lunch-on-the-GoTests";
				PRODUCT_NAME = "$(TARGET_NAME)";
				SDKROOT = auto;
				SUPPORTED_PLATFORMS = "iphoneos iphonesimulator macosx";
				SWIFT_EMIT_LOC_STRINGS = NO;
				SWIFT_VERSION = 5.0;
				TARGETED_DEVICE_FAMILY = "1,2";
				TEST_HOST = "$(BUILT_PRODUCTS_DIR)/Mamas Lunch on the Go.app/$(BUNDLE_EXECUTABLE_FOLDER_PATH)/Mamas Lunch on the Go";
			};
			name = Release;
		};
		899FCC0428FD561A00D8DDC6 /* Debug */ = {
			isa = XCBuildConfiguration;
			buildSettings = {
				ALWAYS_EMBED_SWIFT_STANDARD_LIBRARIES = YES;
				CODE_SIGN_STYLE = Automatic;
				CURRENT_PROJECT_VERSION = 1;
				GENERATE_INFOPLIST_FILE = YES;
				IPHONEOS_DEPLOYMENT_TARGET = 16.0;
				MACOSX_DEPLOYMENT_TARGET = 12.3;
				MARKETING_VERSION = 1.0;
				PRODUCT_BUNDLE_IDENTIFIER = "com.mamasfooddelivery.Mamas-Lunch-on-the-GoUITests";
				PRODUCT_NAME = "$(TARGET_NAME)";
				SDKROOT = auto;
				SUPPORTED_PLATFORMS = "iphoneos iphonesimulator macosx";
				SWIFT_EMIT_LOC_STRINGS = NO;
				SWIFT_VERSION = 5.0;
				TARGETED_DEVICE_FAMILY = "1,2";
				TEST_TARGET_NAME = "Mamas Lunch on the Go";
			};
			name = Debug;
		};
		899FCC0528FD561A00D8DDC6 /* Release */ = {
			isa = XCBuildConfiguration;
			buildSettings = {
				ALWAYS_EMBED_SWIFT_STANDARD_LIBRARIES = YES;
				CODE_SIGN_STYLE = Automatic;
				CURRENT_PROJECT_VERSION = 1;
				GENERATE_INFOPLIST_FILE = YES;
				IPHONEOS_DEPLOYMENT_TARGET = 16.0;
				MACOSX_DEPLOYMENT_TARGET = 12.3;
				MARKETING_VERSION = 1.0;
				PRODUCT_BUNDLE_IDENTIFIER = "com.mamasfooddelivery.Mamas-Lunch-on-the-GoUITests";
				PRODUCT_NAME = "$(TARGET_NAME)";
				SDKROOT = auto;
				SUPPORTED_PLATFORMS = "iphoneos iphonesimulator macosx";
				SWIFT_EMIT_LOC_STRINGS = NO;
				SWIFT_VERSION = 5.0;
				TARGETED_DEVICE_FAMILY = "1,2";
				TEST_TARGET_NAME = "Mamas Lunch on the Go";
			};
			name = Release;
		};
/* End XCBuildConfiguration section */

/* Begin XCConfigurationList section */
		899FCBD328FD561600D8DDC6 /* Build configuration list for PBXProject "Mamas Lunch on the Go" */ = {
			isa = XCConfigurationList;
			buildConfigurations = (
				899FCBFB28FD561A00D8DDC6 /* Debug */,
				899FCBFC28FD561A00D8DDC6 /* Release */,
			);
			defaultConfigurationIsVisible = 0;
			defaultConfigurationName = Release;
		};
		899FCBFD28FD561A00D8DDC6 /* Build configuration list for PBXNativeTarget "Mamas Lunch on the Go" */ = {
			isa = XCConfigurationList;
			buildConfigurations = (
				899FCBFE28FD561A00D8DDC6 /* Debug */,
				899FCBFF28FD561A00D8DDC6 /* Release */,
			);
			defaultConfigurationIsVisible = 0;
			defaultConfigurationName = Release;
		};
		899FCC0028FD561A00D8DDC6 /* Build configuration list for PBXNativeTarget "Mamas Lunch on the GoTests" */ = {
			isa = XCConfigurationList;
			buildConfigurations = (
				899FCC0128FD561A00D8DDC6 /* Debug */,
				899FCC0228FD561A00D8DDC6 /* Release */,
			);
			defaultConfigurationIsVisible = 0;
			defaultConfigurationName = Release;
		};
		899FCC0328FD561A00D8DDC6 /* Build configuration list for PBXNativeTarget "Mamas Lunch on the GoUITests" */ = {
			isa = XCConfigurationList;
			buildConfigurations = (
				899FCC0428FD561A00D8DDC6 /* Debug */,
				899FCC0528FD561A00D8DDC6 /* Release */,
			);
			defaultConfigurationIsVisible = 0;
			defaultConfigurationName = Release;
		};
/* End XCConfigurationList section */
	};
	rootObject = 899FCBD028FD561600D8DDC6 /* Project object */;
}
